
Microsoft Visual Studio Solution File, Format Version 12.00
# Visual Studio Version 17
VisualStudioVersion = 17.8.34330.188
MinimumVisualStudioVersion = 10.0.40219.1
Project("{FAE04EC0-301F-11D3-BF4B-00C04F79EFBC}") = "Lab-Inheritance", "Lab-Inheritance.csproj", "{67778684-B1EB-4E73-8D78-C8D734FAC99F}"
EndProject
Global
	GlobalSection(SolutionConfigurationPlatforms) = preSolution
		Debug|Any CPU = Debug|Any CPU
		Release|Any CPU = Release|Any CPU
	EndGlobalSection
	GlobalSection(ProjectConfigurationPlatforms) = postSolution
		{67778684-B1EB-4E73-8D78-C8D734FAC99F}.Debug|Any CPU.ActiveCfg = Debug|Any CPU
		{67778684-B1EB-4E73-8D78-C8D734FAC99F}.Debug|Any CPU.Build.0 = Debug|Any CPU
		{67778684-B1EB-4E73-8D78-C8D734FAC99F}.Release|Any CPU.ActiveCfg = Release|Any CPU
		{67778684-B1EB-4E73-8D78-C8D734FAC99F}.Release|Any CPU.Build.0 = Release|Any CPU
	EndGlobalSection
	GlobalSection(SolutionProperties) = preSolution
		HideSolutionNode = FALSE
	EndGlobalSection
	GlobalSection(ExtensibilityGlobals) = postSolution
		SolutionGuid = {9A84841E-8E30-4CA2-955B-3A9DC28C0E1E}
	EndGlobalSection
EndGlobal
